{
    "_meta": {
        "hash": {
            "sha256": "a2e96987da9bfcde76b00a2ea2685903a465e55bbff2838d8a7bcdd8285aa426"
        },
        "pipfile-spec": 6,
        "requires": {
            "python_version": "3.8"
        },
        "sources": [
            {
                "name": "pypi",
                "url": "https://pypi.org/simple",
                "verify_ssl": true
            }
        ]
    },
    "default": {
        "bleak": {
            "hashes": [
                "sha256:5c3a873965f2910865895e572e7a4f10533d6e150e6ba17936397426bf8d1eee",
                "sha256:efb00f1de25c105b2137aaf59e9af522ec5ff88af975cb2906372f915f031369"
            ],
            "index": "pypi",
            "version": "==0.10.0"
        },
        "goprocam": {
            "hashes": [
                "sha256:c004911a6cf41170e0ef01036f891f7a5d080dce3664105b7cb63ed3a5d87375"
            ],
            "index": "pypi",
            "version": "==4.1.0"
        },
        "prettytable": {
            "hashes": [
                "sha256:5882ed9092b391bb8f6e91f59bcdbd748924ff556bb7c634089d5519be87baa0",
                "sha256:bb5abc72bdfae6f3cdadb04fb7726f6915af0ddb7c897a41d4ad7736d9bfd8fd"
            ],
            "index": "pypi",
            "version": "==2.1.0"
        },
        "pycparser": {
            "hashes": [
                "sha256:2d475327684562c3a96cc71adf7dc8c4f0565175cf86b6d7a404ff4c771f15f0",
                "sha256:7582ad22678f0fcd81102833f60ef8d0e57288b6b5fb00323d101be910e35705"
            ],
            "markers": "python_version >= '2.7' and python_version not in '3.0, 3.1, 3.2, 3.3'",
            "version": "==2.20"
        },
        "pythonnet": {
            "hashes": [
                "sha256:00a4fed9fc05b4efbe8947c79dc0799cffbca4c89e3e068e70b6618f20c906f2",
                "sha256:058e536062d1585d07ec5f2cf16aefcfc8eb8179faa90e5db0063d358469d025",
                "sha256:41a607b7304e9efc6d4d8db438d6018a17c6637e8b8998848ff5c2a7a1b4687c",
                "sha256:62645c29840c4a877d66e047f3e065b2e5a1a66431a99bce8d42a5af3a093ee1",
                "sha256:80c8f5c9bd10440a73eb6aedbbacb2f3dd7701b474816f5ef7636f529d838d38",
                "sha256:840bdef89b378663d73f74f18895b6d8630d1f5671457a1db5ffb68179d85582",
                "sha256:b7287480a1f6ae4b6fc80d775446d8af00e051ca1646b6cc3d32c5d3a461ede3",
                "sha256:c02f53d0e61b202cddf3198fac9553d5b4ee0ea0cc4fe658c2ed69ab24def276",
                "sha256:cc77fc63e2afb0a80199ab44ced4fdfb78c19d8030063c345c80740d15380dd9",
                "sha256:d519bbc7b1cd3999651efc594d91cb67c46d1d8466dad3d83b578102e58d05bd",
                "sha256:d8e5b27de1e2cfb69b88782ac5cdf605b1a73598a85d86570e46961126628dbb"
            ],
            "markers": "platform_system == 'Windows'",
            "version": "==2.5.2"
        },
        "termcolor": {
            "hashes": [
                "sha256:1d6d69ce66211143803fbc56652b41d73b4a400a2891d7bf7a1cdf4c02de613b"
            ],
            "index": "pypi",
            "version": "==1.1.0"
        },
        "wcwidth": {
            "hashes": [
                "sha256:beb4802a9cebb9144e99086eff703a642a13d6a0052920003a230f3294bbe784",
                "sha256:c4d647b99872929fdb7bdcaa4fbe7f01413ed3d98077df798530e5b04f116c83"
            ],
            "version": "==0.2.5"
        }
    },
    "develop": {}
}
